
Microsoft Visual Studio Solution File, Format Version 12.00
# Visual Studio Version 16
VisualStudioVersion = 16.0.31105.61
MinimumVisualStudioVersion = 10.0.40219.1
Project("{8BC9CEB8-8B4A-11D0-8D11-00A0C91BC942}") = "DanmuGame", "DanmuGame\DanmuGame.vcxproj", "{758B889F-FE0F-4E19-98FC-183A9689132A}"
EndProject
Project("{8BC9CEB8-8B4A-11D0-8D11-00A0C91BC942}") = "VisualDebugTool", "VisualDebugTool\VisualDebugTool.vcxproj", "{240B5DC6-7EC1-4212-BDDB-86B105A64CE9}"
EndProject
Global
	GlobalSection(SolutionConfigurationPlatforms) = preSolution
		Debug|x64 = Debug|x64
		Debug|x86 = Debug|x86
		Release|x64 = Release|x64
		Release|x86 = Release|x86
	EndGlobalSection
	GlobalSection(ProjectConfigurationPlatforms) = postSolution
		{758B889F-FE0F-4E19-98FC-183A9689132A}.Debug|x64.ActiveCfg = Debug|x64
		{758B889F-FE0F-4E19-98FC-183A9689132A}.Debug|x64.Build.0 = Debug|x64
		{758B889F-FE0F-4E19-98FC-183A9689132A}.Debug|x86.ActiveCfg = Debug|Win32
		{758B889F-FE0F-4E19-98FC-183A9689132A}.Debug|x86.Build.0 = Debug|Win32
		{758B889F-FE0F-4E19-98FC-183A9689132A}.Release|x64.ActiveCfg = Release|x64
		{758B889F-FE0F-4E19-98FC-183A9689132A}.Release|x64.Build.0 = Release|x64
		{758B889F-FE0F-4E19-98FC-183A9689132A}.Release|x86.ActiveCfg = Release|Win32
		{758B889F-FE0F-4E19-98FC-183A9689132A}.Release|x86.Build.0 = Release|Win32
		{240B5DC6-7EC1-4212-BDDB-86B105A64CE9}.Debug|x64.ActiveCfg = Debug|x64
		{240B5DC6-7EC1-4212-BDDB-86B105A64CE9}.Debug|x64.Build.0 = Debug|x64
		{240B5DC6-7EC1-4212-BDDB-86B105A64CE9}.Debug|x86.ActiveCfg = Debug|Win32
		{240B5DC6-7EC1-4212-BDDB-86B105A64CE9}.Debug|x86.Build.0 = Debug|Win32
		{240B5DC6-7EC1-4212-BDDB-86B105A64CE9}.Release|x64.ActiveCfg = Release|x64
		{240B5DC6-7EC1-4212-BDDB-86B105A64CE9}.Release|x64.Build.0 = Release|x64
		{240B5DC6-7EC1-4212-BDDB-86B105A64CE9}.Release|x86.ActiveCfg = Release|Win32
		{240B5DC6-7EC1-4212-BDDB-86B105A64CE9}.Release|x86.Build.0 = Release|Win32
	EndGlobalSection
	GlobalSection(SolutionProperties) = preSolution
		HideSolutionNode = FALSE
	EndGlobalSection
	GlobalSection(ExtensibilityGlobals) = postSolution
		SolutionGuid = {4CC95069-0926-409B-B216-A530B71B57F9}
	EndGlobalSection
EndGlobal
